
Microsoft Visual Studio Solution File, Format Version 12.00
# Visual Studio Version 17
VisualStudioVersion = 17.13.35828.75
MinimumVisualStudioVersion = 10.0.40219.1
Project("{2150E333-8FDC-42A3-9474-1A3956D46DE8}") = "Test", "Test", "{02EA681E-C7D8-13C7-8484-4AC65E1B71E8}"
EndProject
Project("{2150E333-8FDC-42A3-9474-1A3956D46DE8}") = "Samples", "Samples", "{4F3DB5DD-C1CD-4456-B7AE-CAFD60313D28}"
EndProject
Project("{FAE04EC0-301F-11D3-BF4B-00C04F79EFBC}") = "Test.Common", "Test\Test.Common\Test.Common.csproj", "{637BC088-066C-3C83-B1A4-86F0C81C556C}"
EndProject
Project("{FAE04EC0-301F-11D3-BF4B-00C04F79EFBC}") = "Test.Repository", "Test\Test.Repository\Test.Repository.csproj", "{94D99D26-1550-866E-7309-A6C350A7E5B7}"
EndProject
Project("{FAE04EC0-301F-11D3-BF4B-00C04F79EFBC}") = "Test.Service", "Test\Test.Service\Test.Service.csproj", "{A8C3DB23-BD46-FC8A-F8EE-FD5522580109}"
EndProject
Project("{FAE04EC0-301F-11D3-BF4B-00C04F79EFBC}") = "Test.Share", "Test\Test.Share\Test.Share.csproj", "{13CA4B94-74BB-7567-C17B-9CA003B6D6AF}"
EndProject
Project("{FAE04EC0-301F-11D3-BF4B-00C04F79EFBC}") = "TestProject1", "Test\TestProject1\TestProject1.csproj", "{76B5C402-BFB6-F6DB-F49E-5D9940F415AA}"
EndProject
Project("{FAE04EC0-301F-11D3-BF4B-00C04F79EFBC}") = "TestWeb", "Test\TestWeb\TestWeb.csproj", "{9CC3C52E-FF80-7297-9940-07CF20232374}"
EndProject
Project("{FAE04EC0-301F-11D3-BF4B-00C04F79EFBC}") = "ConsoleTest", "Test\ConsoleTest\ConsoleTest.csproj", "{2631460B-AF42-4E99-99AF-DDC0A9EEDA7C}"
EndProject
Project("{2150E333-8FDC-42A3-9474-1A3956D46DE8}") = "StateMachine", "StateMachine", "{0B4B81CA-1522-448F-9BE9-75DC2ED3BC38}"
EndProject
Project("{2150E333-8FDC-42A3-9474-1A3956D46DE8}") = "ApprovalProcess", "ApprovalProcess", "{F23F14B2-A030-410B-B04B-1FAD2C6C3550}"
EndProject
Project("{FAE04EC0-301F-11D3-BF4B-00C04F79EFBC}") = "Ap.Share", "ApprovalProcess\Ap.Share\Ap.Share.csproj", "{0F5FBEE4-9E04-3127-5EF8-E231D98ED5DC}"
EndProject
Project("{FAE04EC0-301F-11D3-BF4B-00C04F79EFBC}") = "Sm.Core", "StateMachine\Sm.Core\Sm.Core.csproj", "{B63CC70E-F64A-A996-6723-6FE5A327CB9E}"
EndProject
Project("{FAE04EC0-301F-11D3-BF4B-00C04F79EFBC}") = "Sm.Register", "StateMachine\Sm.Register\Sm.Register.csproj", "{309CEF18-FD87-DEEA-07DB-77F5654A3E4A}"
EndProject
Project("{FAE04EC0-301F-11D3-BF4B-00C04F79EFBC}") = "Sm.Repository.FreeSql", "StateMachine\Sm.Repository.FreeSql\Sm.Repository.FreeSql.csproj", "{B6D3EA89-FD50-AA1B-FD6C-56CF16DD43F7}"
EndProject
Project("{FAE04EC0-301F-11D3-BF4B-00C04F79EFBC}") = "Sm.Repository.Migration", "StateMachine\Sm.Repository.Migration\Sm.Repository.Migration.csproj", "{C69B8AB9-B57F-80D4-415D-89742F29161C}"
EndProject
Project("{FAE04EC0-301F-11D3-BF4B-00C04F79EFBC}") = "Sm.Share", "StateMachine\Sm.Share\Sm.Share.csproj", "{2BAE4E54-AAAF-27A1-0911-7A26B5141D9A}"
EndProject
Project("{FAE04EC0-301F-11D3-BF4B-00C04F79EFBC}") = "Sm.Repository.EfSqlserver", "StateMachine\Sm.Repository.EfSqlserver\Sm.Repository.EfSqlserver.csproj", "{24F50D78-51B5-C92A-96A6-93C991771C0B}"
EndProject
Project("{FAE04EC0-301F-11D3-BF4B-00C04F79EFBC}") = "Ap.Core", "ApprovalProcess\Ap.Core\Ap.Core.csproj", "{9B9AF59C-79E4-415A-A079-D57A49304979}"
EndProject
Project("{FAE04EC0-301F-11D3-BF4B-00C04F79EFBC}") = "Ap.Repository.EfSqlserver", "ApprovalProcess\Ap.Repository.EfSqlserver\Ap.Repository.EfSqlserver.csproj", "{06D5E12D-17BF-4972-8F0F-254C23382DCA}"
EndProject
Global
	GlobalSection(SolutionConfigurationPlatforms) = preSolution
		Debug|Any CPU = Debug|Any CPU
		Release|Any CPU = Release|Any CPU
	EndGlobalSection
	GlobalSection(ProjectConfigurationPlatforms) = postSolution
		{637BC088-066C-3C83-B1A4-86F0C81C556C}.Debug|Any CPU.ActiveCfg = Debug|Any CPU
		{637BC088-066C-3C83-B1A4-86F0C81C556C}.Debug|Any CPU.Build.0 = Debug|Any CPU
		{637BC088-066C-3C83-B1A4-86F0C81C556C}.Release|Any CPU.ActiveCfg = Release|Any CPU
		{637BC088-066C-3C83-B1A4-86F0C81C556C}.Release|Any CPU.Build.0 = Release|Any CPU
		{94D99D26-1550-866E-7309-A6C350A7E5B7}.Debug|Any CPU.ActiveCfg = Debug|Any CPU
		{94D99D26-1550-866E-7309-A6C350A7E5B7}.Debug|Any CPU.Build.0 = Debug|Any CPU
		{94D99D26-1550-866E-7309-A6C350A7E5B7}.Release|Any CPU.ActiveCfg = Release|Any CPU
		{94D99D26-1550-866E-7309-A6C350A7E5B7}.Release|Any CPU.Build.0 = Release|Any CPU
		{A8C3DB23-BD46-FC8A-F8EE-FD5522580109}.Debug|Any CPU.ActiveCfg = Debug|Any CPU
		{A8C3DB23-BD46-FC8A-F8EE-FD5522580109}.Debug|Any CPU.Build.0 = Debug|Any CPU
		{A8C3DB23-BD46-FC8A-F8EE-FD5522580109}.Release|Any CPU.ActiveCfg = Release|Any CPU
		{A8C3DB23-BD46-FC8A-F8EE-FD5522580109}.Release|Any CPU.Build.0 = Release|Any CPU
		{13CA4B94-74BB-7567-C17B-9CA003B6D6AF}.Debug|Any CPU.ActiveCfg = Debug|Any CPU
		{13CA4B94-74BB-7567-C17B-9CA003B6D6AF}.Debug|Any CPU.Build.0 = Debug|Any CPU
		{13CA4B94-74BB-7567-C17B-9CA003B6D6AF}.Release|Any CPU.ActiveCfg = Release|Any CPU
		{13CA4B94-74BB-7567-C17B-9CA003B6D6AF}.Release|Any CPU.Build.0 = Release|Any CPU
		{76B5C402-BFB6-F6DB-F49E-5D9940F415AA}.Debug|Any CPU.ActiveCfg = Debug|Any CPU
		{76B5C402-BFB6-F6DB-F49E-5D9940F415AA}.Debug|Any CPU.Build.0 = Debug|Any CPU
		{76B5C402-BFB6-F6DB-F49E-5D9940F415AA}.Release|Any CPU.ActiveCfg = Release|Any CPU
		{76B5C402-BFB6-F6DB-F49E-5D9940F415AA}.Release|Any CPU.Build.0 = Release|Any CPU
		{9CC3C52E-FF80-7297-9940-07CF20232374}.Debug|Any CPU.ActiveCfg = Debug|Any CPU
		{9CC3C52E-FF80-7297-9940-07CF20232374}.Debug|Any CPU.Build.0 = Debug|Any CPU
		{9CC3C52E-FF80-7297-9940-07CF20232374}.Release|Any CPU.ActiveCfg = Release|Any CPU
		{9CC3C52E-FF80-7297-9940-07CF20232374}.Release|Any CPU.Build.0 = Release|Any CPU
		{2631460B-AF42-4E99-99AF-DDC0A9EEDA7C}.Debug|Any CPU.ActiveCfg = Debug|Any CPU
		{2631460B-AF42-4E99-99AF-DDC0A9EEDA7C}.Debug|Any CPU.Build.0 = Debug|Any CPU
		{2631460B-AF42-4E99-99AF-DDC0A9EEDA7C}.Release|Any CPU.ActiveCfg = Release|Any CPU
		{2631460B-AF42-4E99-99AF-DDC0A9EEDA7C}.Release|Any CPU.Build.0 = Release|Any CPU
		{0F5FBEE4-9E04-3127-5EF8-E231D98ED5DC}.Debug|Any CPU.ActiveCfg = Debug|Any CPU
		{0F5FBEE4-9E04-3127-5EF8-E231D98ED5DC}.Debug|Any CPU.Build.0 = Debug|Any CPU
		{0F5FBEE4-9E04-3127-5EF8-E231D98ED5DC}.Release|Any CPU.ActiveCfg = Release|Any CPU
		{0F5FBEE4-9E04-3127-5EF8-E231D98ED5DC}.Release|Any CPU.Build.0 = Release|Any CPU
		{B63CC70E-F64A-A996-6723-6FE5A327CB9E}.Debug|Any CPU.ActiveCfg = Debug|Any CPU
		{B63CC70E-F64A-A996-6723-6FE5A327CB9E}.Debug|Any CPU.Build.0 = Debug|Any CPU
		{B63CC70E-F64A-A996-6723-6FE5A327CB9E}.Release|Any CPU.ActiveCfg = Release|Any CPU
		{B63CC70E-F64A-A996-6723-6FE5A327CB9E}.Release|Any CPU.Build.0 = Release|Any CPU
		{309CEF18-FD87-DEEA-07DB-77F5654A3E4A}.Debug|Any CPU.ActiveCfg = Debug|Any CPU
		{309CEF18-FD87-DEEA-07DB-77F5654A3E4A}.Debug|Any CPU.Build.0 = Debug|Any CPU
		{309CEF18-FD87-DEEA-07DB-77F5654A3E4A}.Release|Any CPU.ActiveCfg = Release|Any CPU
		{309CEF18-FD87-DEEA-07DB-77F5654A3E4A}.Release|Any CPU.Build.0 = Release|Any CPU
		{B6D3EA89-FD50-AA1B-FD6C-56CF16DD43F7}.Debug|Any CPU.ActiveCfg = Debug|Any CPU
		{B6D3EA89-FD50-AA1B-FD6C-56CF16DD43F7}.Debug|Any CPU.Build.0 = Debug|Any CPU
		{B6D3EA89-FD50-AA1B-FD6C-56CF16DD43F7}.Release|Any CPU.ActiveCfg = Release|Any CPU
		{B6D3EA89-FD50-AA1B-FD6C-56CF16DD43F7}.Release|Any CPU.Build.0 = Release|Any CPU
		{C69B8AB9-B57F-80D4-415D-89742F29161C}.Debug|Any CPU.ActiveCfg = Debug|Any CPU
		{C69B8AB9-B57F-80D4-415D-89742F29161C}.Debug|Any CPU.Build.0 = Debug|Any CPU
		{C69B8AB9-B57F-80D4-415D-89742F29161C}.Release|Any CPU.ActiveCfg = Release|Any CPU
		{C69B8AB9-B57F-80D4-415D-89742F29161C}.Release|Any CPU.Build.0 = Release|Any CPU
		{2BAE4E54-AAAF-27A1-0911-7A26B5141D9A}.Debug|Any CPU.ActiveCfg = Debug|Any CPU
		{2BAE4E54-AAAF-27A1-0911-7A26B5141D9A}.Debug|Any CPU.Build.0 = Debug|Any CPU
		{2BAE4E54-AAAF-27A1-0911-7A26B5141D9A}.Release|Any CPU.ActiveCfg = Release|Any CPU
		{2BAE4E54-AAAF-27A1-0911-7A26B5141D9A}.Release|Any CPU.Build.0 = Release|Any CPU
		{24F50D78-51B5-C92A-96A6-93C991771C0B}.Debug|Any CPU.ActiveCfg = Debug|Any CPU
		{24F50D78-51B5-C92A-96A6-93C991771C0B}.Debug|Any CPU.Build.0 = Debug|Any CPU
		{24F50D78-51B5-C92A-96A6-93C991771C0B}.Release|Any CPU.ActiveCfg = Release|Any CPU
		{24F50D78-51B5-C92A-96A6-93C991771C0B}.Release|Any CPU.Build.0 = Release|Any CPU
		{9B9AF59C-79E4-415A-A079-D57A49304979}.Debug|Any CPU.ActiveCfg = Debug|Any CPU
		{9B9AF59C-79E4-415A-A079-D57A49304979}.Debug|Any CPU.Build.0 = Debug|Any CPU
		{9B9AF59C-79E4-415A-A079-D57A49304979}.Release|Any CPU.ActiveCfg = Release|Any CPU
		{9B9AF59C-79E4-415A-A079-D57A49304979}.Release|Any CPU.Build.0 = Release|Any CPU
		{06D5E12D-17BF-4972-8F0F-254C23382DCA}.Debug|Any CPU.ActiveCfg = Debug|Any CPU
		{06D5E12D-17BF-4972-8F0F-254C23382DCA}.Debug|Any CPU.Build.0 = Debug|Any CPU
		{06D5E12D-17BF-4972-8F0F-254C23382DCA}.Release|Any CPU.ActiveCfg = Release|Any CPU
		{06D5E12D-17BF-4972-8F0F-254C23382DCA}.Release|Any CPU.Build.0 = Release|Any CPU
	EndGlobalSection
	GlobalSection(SolutionProperties) = preSolution
		HideSolutionNode = FALSE
	EndGlobalSection
	GlobalSection(NestedProjects) = preSolution
		{4F3DB5DD-C1CD-4456-B7AE-CAFD60313D28} = {02EA681E-C7D8-13C7-8484-4AC65E1B71E8}
		{637BC088-066C-3C83-B1A4-86F0C81C556C} = {02EA681E-C7D8-13C7-8484-4AC65E1B71E8}
		{94D99D26-1550-866E-7309-A6C350A7E5B7} = {02EA681E-C7D8-13C7-8484-4AC65E1B71E8}
		{A8C3DB23-BD46-FC8A-F8EE-FD5522580109} = {02EA681E-C7D8-13C7-8484-4AC65E1B71E8}
		{13CA4B94-74BB-7567-C17B-9CA003B6D6AF} = {02EA681E-C7D8-13C7-8484-4AC65E1B71E8}
		{76B5C402-BFB6-F6DB-F49E-5D9940F415AA} = {4F3DB5DD-C1CD-4456-B7AE-CAFD60313D28}
		{9CC3C52E-FF80-7297-9940-07CF20232374} = {4F3DB5DD-C1CD-4456-B7AE-CAFD60313D28}
		{2631460B-AF42-4E99-99AF-DDC0A9EEDA7C} = {4F3DB5DD-C1CD-4456-B7AE-CAFD60313D28}
		{0F5FBEE4-9E04-3127-5EF8-E231D98ED5DC} = {F23F14B2-A030-410B-B04B-1FAD2C6C3550}
		{B63CC70E-F64A-A996-6723-6FE5A327CB9E} = {0B4B81CA-1522-448F-9BE9-75DC2ED3BC38}
		{309CEF18-FD87-DEEA-07DB-77F5654A3E4A} = {0B4B81CA-1522-448F-9BE9-75DC2ED3BC38}
		{B6D3EA89-FD50-AA1B-FD6C-56CF16DD43F7} = {0B4B81CA-1522-448F-9BE9-75DC2ED3BC38}
		{C69B8AB9-B57F-80D4-415D-89742F29161C} = {0B4B81CA-1522-448F-9BE9-75DC2ED3BC38}
		{2BAE4E54-AAAF-27A1-0911-7A26B5141D9A} = {0B4B81CA-1522-448F-9BE9-75DC2ED3BC38}
		{24F50D78-51B5-C92A-96A6-93C991771C0B} = {0B4B81CA-1522-448F-9BE9-75DC2ED3BC38}
		{9B9AF59C-79E4-415A-A079-D57A49304979} = {F23F14B2-A030-410B-B04B-1FAD2C6C3550}
		{06D5E12D-17BF-4972-8F0F-254C23382DCA} = {F23F14B2-A030-410B-B04B-1FAD2C6C3550}
	EndGlobalSection
	GlobalSection(ExtensibilityGlobals) = postSolution
		SolutionGuid = {D9A20C47-F2B1-4DC9-BC29-8B857C037C1E}
	EndGlobalSection
EndGlobal
