
Microsoft Visual Studio Solution File, Format Version 12.00
# Visual Studio Version 17
VisualStudioVersion = 17.13.35828.75
MinimumVisualStudioVersion = 10.0.40219.1
Project("{2150E333-8FDC-42A3-9474-1A3956D46DE8}") = "Test", "Test", "{02EA681E-C7D8-13C7-8484-4AC65E1B71E8}"
EndProject
Project("{2150E333-8FDC-42A3-9474-1A3956D46DE8}") = "Core", "Core", "{CA610180-85DE-4F5A-999F-265DC27A83F5}"
EndProject
Project("{2150E333-8FDC-42A3-9474-1A3956D46DE8}") = "Samples", "Samples", "{4F3DB5DD-C1CD-4456-B7AE-CAFD60313D28}"
EndProject
Project("{FAE04EC0-301F-11D3-BF4B-00C04F79EFBC}") = "Ap.Core", "Core\Ap.Core\Ap.Core.csproj", "{C24E4202-803B-D983-C640-FCADB78880E7}"
EndProject
Project("{FAE04EC0-301F-11D3-BF4B-00C04F79EFBC}") = "Ap.Core.Share", "Core\Ap.Core.Share\Ap.Core.Share.csproj", "{C9C1D375-7566-0FBB-A7FD-0E6BFAC89B39}"
EndProject
Project("{FAE04EC0-301F-11D3-BF4B-00C04F79EFBC}") = "Ap.Register", "Core\Ap.Register\Ap.Register.csproj", "{0D3A1687-2043-4DD1-099B-1C85D2A6253D}"
EndProject
Project("{FAE04EC0-301F-11D3-BF4B-00C04F79EFBC}") = "Test.Common", "Test\Test.Common\Test.Common.csproj", "{637BC088-066C-3C83-B1A4-86F0C81C556C}"
EndProject
Project("{FAE04EC0-301F-11D3-BF4B-00C04F79EFBC}") = "Test.Repository", "Test\Test.Repository\Test.Repository.csproj", "{94D99D26-1550-866E-7309-A6C350A7E5B7}"
EndProject
Project("{FAE04EC0-301F-11D3-BF4B-00C04F79EFBC}") = "Test.Service", "Test\Test.Service\Test.Service.csproj", "{A8C3DB23-BD46-FC8A-F8EE-FD5522580109}"
EndProject
Project("{FAE04EC0-301F-11D3-BF4B-00C04F79EFBC}") = "Test.Share", "Test\Test.Share\Test.Share.csproj", "{13CA4B94-74BB-7567-C17B-9CA003B6D6AF}"
EndProject
Project("{FAE04EC0-301F-11D3-BF4B-00C04F79EFBC}") = "TestProject1", "Test\TestProject1\TestProject1.csproj", "{76B5C402-BFB6-F6DB-F49E-5D9940F415AA}"
EndProject
Project("{FAE04EC0-301F-11D3-BF4B-00C04F79EFBC}") = "TestWeb", "Test\TestWeb\TestWeb.csproj", "{9CC3C52E-FF80-7297-9940-07CF20232374}"
EndProject
Project("{FAE04EC0-301F-11D3-BF4B-00C04F79EFBC}") = "Ap.Repository.FreeSql", "Core\Ap.Repository.FreeSql\Ap.Repository.FreeSql.csproj", "{55D36012-73B6-35CB-91A0-5574CCEAE06C}"
EndProject
Project("{FAE04EC0-301F-11D3-BF4B-00C04F79EFBC}") = "ConsoleTest", "Test\ConsoleTest\ConsoleTest.csproj", "{2631460B-AF42-4E99-99AF-DDC0A9EEDA7C}"
EndProject
Project("{FAE04EC0-301F-11D3-BF4B-00C04F79EFBC}") = "Ap.Repository.EfSqlserver", "Core\Ap.Repository.EfSqlserver\Ap.Repository.EfSqlserver.csproj", "{BA58F9E1-AFA6-4307-909F-370A19C2750D}"
EndProject
Project("{FAE04EC0-301F-11D3-BF4B-00C04F79EFBC}") = "Ap.Repository.Migration", "Core\Ap.Repository.Migration\Ap.Repository.Migration.csproj", "{C4534D27-7B14-4576-86CF-CFEC8B8586F3}"
EndProject
Global
	GlobalSection(SolutionConfigurationPlatforms) = preSolution
		Debug|Any CPU = Debug|Any CPU
		Release|Any CPU = Release|Any CPU
	EndGlobalSection
	GlobalSection(ProjectConfigurationPlatforms) = postSolution
		{C24E4202-803B-D983-C640-FCADB78880E7}.Debug|Any CPU.ActiveCfg = Debug|Any CPU
		{C24E4202-803B-D983-C640-FCADB78880E7}.Debug|Any CPU.Build.0 = Debug|Any CPU
		{C24E4202-803B-D983-C640-FCADB78880E7}.Release|Any CPU.ActiveCfg = Release|Any CPU
		{C24E4202-803B-D983-C640-FCADB78880E7}.Release|Any CPU.Build.0 = Release|Any CPU
		{C9C1D375-7566-0FBB-A7FD-0E6BFAC89B39}.Debug|Any CPU.ActiveCfg = Debug|Any CPU
		{C9C1D375-7566-0FBB-A7FD-0E6BFAC89B39}.Debug|Any CPU.Build.0 = Debug|Any CPU
		{C9C1D375-7566-0FBB-A7FD-0E6BFAC89B39}.Release|Any CPU.ActiveCfg = Release|Any CPU
		{C9C1D375-7566-0FBB-A7FD-0E6BFAC89B39}.Release|Any CPU.Build.0 = Release|Any CPU
		{0D3A1687-2043-4DD1-099B-1C85D2A6253D}.Debug|Any CPU.ActiveCfg = Debug|Any CPU
		{0D3A1687-2043-4DD1-099B-1C85D2A6253D}.Debug|Any CPU.Build.0 = Debug|Any CPU
		{0D3A1687-2043-4DD1-099B-1C85D2A6253D}.Release|Any CPU.ActiveCfg = Release|Any CPU
		{0D3A1687-2043-4DD1-099B-1C85D2A6253D}.Release|Any CPU.Build.0 = Release|Any CPU
		{637BC088-066C-3C83-B1A4-86F0C81C556C}.Debug|Any CPU.ActiveCfg = Debug|Any CPU
		{637BC088-066C-3C83-B1A4-86F0C81C556C}.Debug|Any CPU.Build.0 = Debug|Any CPU
		{637BC088-066C-3C83-B1A4-86F0C81C556C}.Release|Any CPU.ActiveCfg = Release|Any CPU
		{637BC088-066C-3C83-B1A4-86F0C81C556C}.Release|Any CPU.Build.0 = Release|Any CPU
		{94D99D26-1550-866E-7309-A6C350A7E5B7}.Debug|Any CPU.ActiveCfg = Debug|Any CPU
		{94D99D26-1550-866E-7309-A6C350A7E5B7}.Debug|Any CPU.Build.0 = Debug|Any CPU
		{94D99D26-1550-866E-7309-A6C350A7E5B7}.Release|Any CPU.ActiveCfg = Release|Any CPU
		{94D99D26-1550-866E-7309-A6C350A7E5B7}.Release|Any CPU.Build.0 = Release|Any CPU
		{A8C3DB23-BD46-FC8A-F8EE-FD5522580109}.Debug|Any CPU.ActiveCfg = Debug|Any CPU
		{A8C3DB23-BD46-FC8A-F8EE-FD5522580109}.Debug|Any CPU.Build.0 = Debug|Any CPU
		{A8C3DB23-BD46-FC8A-F8EE-FD5522580109}.Release|Any CPU.ActiveCfg = Release|Any CPU
		{A8C3DB23-BD46-FC8A-F8EE-FD5522580109}.Release|Any CPU.Build.0 = Release|Any CPU
		{13CA4B94-74BB-7567-C17B-9CA003B6D6AF}.Debug|Any CPU.ActiveCfg = Debug|Any CPU
		{13CA4B94-74BB-7567-C17B-9CA003B6D6AF}.Debug|Any CPU.Build.0 = Debug|Any CPU
		{13CA4B94-74BB-7567-C17B-9CA003B6D6AF}.Release|Any CPU.ActiveCfg = Release|Any CPU
		{13CA4B94-74BB-7567-C17B-9CA003B6D6AF}.Release|Any CPU.Build.0 = Release|Any CPU
		{76B5C402-BFB6-F6DB-F49E-5D9940F415AA}.Debug|Any CPU.ActiveCfg = Debug|Any CPU
		{76B5C402-BFB6-F6DB-F49E-5D9940F415AA}.Debug|Any CPU.Build.0 = Debug|Any CPU
		{76B5C402-BFB6-F6DB-F49E-5D9940F415AA}.Release|Any CPU.ActiveCfg = Release|Any CPU
		{76B5C402-BFB6-F6DB-F49E-5D9940F415AA}.Release|Any CPU.Build.0 = Release|Any CPU
		{9CC3C52E-FF80-7297-9940-07CF20232374}.Debug|Any CPU.ActiveCfg = Debug|Any CPU
		{9CC3C52E-FF80-7297-9940-07CF20232374}.Debug|Any CPU.Build.0 = Debug|Any CPU
		{9CC3C52E-FF80-7297-9940-07CF20232374}.Release|Any CPU.ActiveCfg = Release|Any CPU
		{9CC3C52E-FF80-7297-9940-07CF20232374}.Release|Any CPU.Build.0 = Release|Any CPU
		{55D36012-73B6-35CB-91A0-5574CCEAE06C}.Debug|Any CPU.ActiveCfg = Debug|Any CPU
		{55D36012-73B6-35CB-91A0-5574CCEAE06C}.Debug|Any CPU.Build.0 = Debug|Any CPU
		{55D36012-73B6-35CB-91A0-5574CCEAE06C}.Release|Any CPU.ActiveCfg = Release|Any CPU
		{55D36012-73B6-35CB-91A0-5574CCEAE06C}.Release|Any CPU.Build.0 = Release|Any CPU
		{2631460B-AF42-4E99-99AF-DDC0A9EEDA7C}.Debug|Any CPU.ActiveCfg = Debug|Any CPU
		{2631460B-AF42-4E99-99AF-DDC0A9EEDA7C}.Debug|Any CPU.Build.0 = Debug|Any CPU
		{2631460B-AF42-4E99-99AF-DDC0A9EEDA7C}.Release|Any CPU.ActiveCfg = Release|Any CPU
		{2631460B-AF42-4E99-99AF-DDC0A9EEDA7C}.Release|Any CPU.Build.0 = Release|Any CPU
		{BA58F9E1-AFA6-4307-909F-370A19C2750D}.Debug|Any CPU.ActiveCfg = Debug|Any CPU
		{BA58F9E1-AFA6-4307-909F-370A19C2750D}.Debug|Any CPU.Build.0 = Debug|Any CPU
		{BA58F9E1-AFA6-4307-909F-370A19C2750D}.Release|Any CPU.ActiveCfg = Release|Any CPU
		{BA58F9E1-AFA6-4307-909F-370A19C2750D}.Release|Any CPU.Build.0 = Release|Any CPU
		{C4534D27-7B14-4576-86CF-CFEC8B8586F3}.Debug|Any CPU.ActiveCfg = Debug|Any CPU
		{C4534D27-7B14-4576-86CF-CFEC8B8586F3}.Debug|Any CPU.Build.0 = Debug|Any CPU
		{C4534D27-7B14-4576-86CF-CFEC8B8586F3}.Release|Any CPU.ActiveCfg = Release|Any CPU
		{C4534D27-7B14-4576-86CF-CFEC8B8586F3}.Release|Any CPU.Build.0 = Release|Any CPU
	EndGlobalSection
	GlobalSection(SolutionProperties) = preSolution
		HideSolutionNode = FALSE
	EndGlobalSection
	GlobalSection(NestedProjects) = preSolution
		{4F3DB5DD-C1CD-4456-B7AE-CAFD60313D28} = {02EA681E-C7D8-13C7-8484-4AC65E1B71E8}
		{C24E4202-803B-D983-C640-FCADB78880E7} = {CA610180-85DE-4F5A-999F-265DC27A83F5}
		{C9C1D375-7566-0FBB-A7FD-0E6BFAC89B39} = {CA610180-85DE-4F5A-999F-265DC27A83F5}
		{0D3A1687-2043-4DD1-099B-1C85D2A6253D} = {CA610180-85DE-4F5A-999F-265DC27A83F5}
		{637BC088-066C-3C83-B1A4-86F0C81C556C} = {02EA681E-C7D8-13C7-8484-4AC65E1B71E8}
		{94D99D26-1550-866E-7309-A6C350A7E5B7} = {02EA681E-C7D8-13C7-8484-4AC65E1B71E8}
		{A8C3DB23-BD46-FC8A-F8EE-FD5522580109} = {02EA681E-C7D8-13C7-8484-4AC65E1B71E8}
		{13CA4B94-74BB-7567-C17B-9CA003B6D6AF} = {02EA681E-C7D8-13C7-8484-4AC65E1B71E8}
		{76B5C402-BFB6-F6DB-F49E-5D9940F415AA} = {4F3DB5DD-C1CD-4456-B7AE-CAFD60313D28}
		{9CC3C52E-FF80-7297-9940-07CF20232374} = {4F3DB5DD-C1CD-4456-B7AE-CAFD60313D28}
		{55D36012-73B6-35CB-91A0-5574CCEAE06C} = {CA610180-85DE-4F5A-999F-265DC27A83F5}
		{2631460B-AF42-4E99-99AF-DDC0A9EEDA7C} = {4F3DB5DD-C1CD-4456-B7AE-CAFD60313D28}
		{BA58F9E1-AFA6-4307-909F-370A19C2750D} = {CA610180-85DE-4F5A-999F-265DC27A83F5}
		{C4534D27-7B14-4576-86CF-CFEC8B8586F3} = {CA610180-85DE-4F5A-999F-265DC27A83F5}
	EndGlobalSection
	GlobalSection(ExtensibilityGlobals) = postSolution
		SolutionGuid = {D9A20C47-F2B1-4DC9-BC29-8B857C037C1E}
	EndGlobalSection
EndGlobal
