
Microsoft Visual Studio Solution File, Format Version 12.00
# Visual Studio Version 17
VisualStudioVersion = 17.13.35828.75 d17.13
MinimumVisualStudioVersion = 10.0.40219.1
Project("{FAE04EC0-301F-11D3-BF4B-00C04F79EFBC}") = "MultiParallelApproval_2Stateless", "MultiParallelApproval_2Stateless\MultiParallelApproval_2Stateless.csproj", "{8E6F5AE8-3BE0-4266-B0B3-EDAC2BA858A4}"
EndProject
Global
	GlobalSection(SolutionConfigurationPlatforms) = preSolution
		Debug|Any CPU = Debug|Any CPU
		Release|Any CPU = Release|Any CPU
	EndGlobalSection
	GlobalSection(ProjectConfigurationPlatforms) = postSolution
		{8E6F5AE8-3BE0-4266-B0B3-EDAC2BA858A4}.Debug|Any CPU.ActiveCfg = Debug|Any CPU
		{8E6F5AE8-3BE0-4266-B0B3-EDAC2BA858A4}.Debug|Any CPU.Build.0 = Debug|Any CPU
		{8E6F5AE8-3BE0-4266-B0B3-EDAC2BA858A4}.Release|Any CPU.ActiveCfg = Release|Any CPU
		{8E6F5AE8-3BE0-4266-B0B3-EDAC2BA858A4}.Release|Any CPU.Build.0 = Release|Any CPU
	EndGlobalSection
	GlobalSection(SolutionProperties) = preSolution
		HideSolutionNode = FALSE
	EndGlobalSection
	GlobalSection(ExtensibilityGlobals) = postSolution
		SolutionGuid = {EEE7A3A6-1496-4ACE-898A-CA0A9BFB29D4}
	EndGlobalSection
EndGlobal
